
Microsoft Visual Studio Solution File, Format Version 12.00
# Visual Studio Version 17
VisualStudioVersion = 17.5.002.0
MinimumVisualStudioVersion = 10.0.40219.1
Project("{9A19103F-16F7-4668-BE54-9A1E7A4F7556}") = "2-dog", "2-dog.csproj", "{FF6AED92-2012-4ADB-8DCA-A239F4D84704}"
EndProject
Global
	GlobalSection(SolutionConfigurationPlatforms) = preSolution
		Debug|Any CPU = Debug|Any CPU
		Release|Any CPU = Release|Any CPU
	EndGlobalSection
	GlobalSection(ProjectConfigurationPlatforms) = postSolution
		{FF6AED92-2012-4ADB-8DCA-A239F4D84704}.Debug|Any CPU.ActiveCfg = Debug|Any CPU
		{FF6AED92-2012-4ADB-8DCA-A239F4D84704}.Debug|Any CPU.Build.0 = Debug|Any CPU
		{FF6AED92-2012-4ADB-8DCA-A239F4D84704}.Release|Any CPU.ActiveCfg = Release|Any CPU
		{FF6AED92-2012-4ADB-8DCA-A239F4D84704}.Release|Any CPU.Build.0 = Release|Any CPU
	EndGlobalSection
	GlobalSection(SolutionProperties) = preSolution
		HideSolutionNode = FALSE
	EndGlobalSection
	GlobalSection(ExtensibilityGlobals) = postSolution
		SolutionGuid = {861D13D9-C3D9-47CC-84F4-2B2583E484C8}
	EndGlobalSection
EndGlobal
