
Microsoft Visual Studio Solution File, Format Version 12.00
# Visual Studio Version 17
VisualStudioVersion = 17.5.002.0
MinimumVisualStudioVersion = 10.0.40219.1
Project("{9A19103F-16F7-4668-BE54-9A1E7A4F7556}") = "6-generic_iteration", "6-generic_iteration.csproj", "{1D0D71D7-95AC-4D96-ADA0-A21583F1E636}"
EndProject
Global
	GlobalSection(SolutionConfigurationPlatforms) = preSolution
		Debug|Any CPU = Debug|Any CPU
		Release|Any CPU = Release|Any CPU
	EndGlobalSection
	GlobalSection(ProjectConfigurationPlatforms) = postSolution
		{1D0D71D7-95AC-4D96-ADA0-A21583F1E636}.Debug|Any CPU.ActiveCfg = Debug|Any CPU
		{1D0D71D7-95AC-4D96-ADA0-A21583F1E636}.Debug|Any CPU.Build.0 = Debug|Any CPU
		{1D0D71D7-95AC-4D96-ADA0-A21583F1E636}.Release|Any CPU.ActiveCfg = Release|Any CPU
		{1D0D71D7-95AC-4D96-ADA0-A21583F1E636}.Release|Any CPU.Build.0 = Release|Any CPU
	EndGlobalSection
	GlobalSection(SolutionProperties) = preSolution
		HideSolutionNode = FALSE
	EndGlobalSection
	GlobalSection(ExtensibilityGlobals) = postSolution
		SolutionGuid = {78963E41-E463-47E8-BEA9-19CBE393CA47}
	EndGlobalSection
EndGlobal
