
Microsoft Visual Studio Solution File, Format Version 12.00
# Visual Studio Version 17
VisualStudioVersion = 17.5.002.0
MinimumVisualStudioVersion = 10.0.40219.1
Project("{9A19103F-16F7-4668-BE54-9A1E7A4F7556}") = "2-enemy", "2-enemy.csproj", "{9C0DD3B8-C61A-4348-94BA-2372E4F058DC}"
EndProject
Global
	GlobalSection(SolutionConfigurationPlatforms) = preSolution
		Debug|Any CPU = Debug|Any CPU
		Release|Any CPU = Release|Any CPU
	EndGlobalSection
	GlobalSection(ProjectConfigurationPlatforms) = postSolution
		{9C0DD3B8-C61A-4348-94BA-2372E4F058DC}.Debug|Any CPU.ActiveCfg = Debug|Any CPU
		{9C0DD3B8-C61A-4348-94BA-2372E4F058DC}.Debug|Any CPU.Build.0 = Debug|Any CPU
		{9C0DD3B8-C61A-4348-94BA-2372E4F058DC}.Release|Any CPU.ActiveCfg = Release|Any CPU
		{9C0DD3B8-C61A-4348-94BA-2372E4F058DC}.Release|Any CPU.Build.0 = Release|Any CPU
	EndGlobalSection
	GlobalSection(SolutionProperties) = preSolution
		HideSolutionNode = FALSE
	EndGlobalSection
	GlobalSection(ExtensibilityGlobals) = postSolution
		SolutionGuid = {0C981595-5CB0-46D8-BFCA-080CF14C6D63}
	EndGlobalSection
EndGlobal
