
Microsoft Visual Studio Solution File, Format Version 12.00
# Visual Studio Version 17
VisualStudioVersion = 17.5.002.0
MinimumVisualStudioVersion = 10.0.40219.1
Project("{9A19103F-16F7-4668-BE54-9A1E7A4F7556}") = "0-safe_list_print", "0-safe_list_print.csproj", "{640C5AEE-FC2D-4680-ABA2-3F88386878E0}"
EndProject
Global
	GlobalSection(SolutionConfigurationPlatforms) = preSolution
		Debug|Any CPU = Debug|Any CPU
		Release|Any CPU = Release|Any CPU
	EndGlobalSection
	GlobalSection(ProjectConfigurationPlatforms) = postSolution
		{640C5AEE-FC2D-4680-ABA2-3F88386878E0}.Debug|Any CPU.ActiveCfg = Debug|Any CPU
		{640C5AEE-FC2D-4680-ABA2-3F88386878E0}.Debug|Any CPU.Build.0 = Debug|Any CPU
		{640C5AEE-FC2D-4680-ABA2-3F88386878E0}.Release|Any CPU.ActiveCfg = Release|Any CPU
		{640C5AEE-FC2D-4680-ABA2-3F88386878E0}.Release|Any CPU.Build.0 = Release|Any CPU
	EndGlobalSection
	GlobalSection(SolutionProperties) = preSolution
		HideSolutionNode = FALSE
	EndGlobalSection
	GlobalSection(ExtensibilityGlobals) = postSolution
		SolutionGuid = {CE36E790-D7F7-4E71-B4EA-2ADA6B61F13B}
	EndGlobalSection
EndGlobal
