
Microsoft Visual Studio Solution File, Format Version 12.00
# Visual Studio Version 17
VisualStudioVersion = 17.5.002.0
MinimumVisualStudioVersion = 10.0.40219.1
Project("{9A19103F-16F7-4668-BE54-9A1E7A4F7556}") = "3-modified_behavior", "3-modified_behavior.csproj", "{BCC1E30B-4FF4-4109-8A39-DEFCB61ED4E6}"
EndProject
Global
	GlobalSection(SolutionConfigurationPlatforms) = preSolution
		Debug|Any CPU = Debug|Any CPU
		Release|Any CPU = Release|Any CPU
	EndGlobalSection
	GlobalSection(ProjectConfigurationPlatforms) = postSolution
		{BCC1E30B-4FF4-4109-8A39-DEFCB61ED4E6}.Debug|Any CPU.ActiveCfg = Debug|Any CPU
		{BCC1E30B-4FF4-4109-8A39-DEFCB61ED4E6}.Debug|Any CPU.Build.0 = Debug|Any CPU
		{BCC1E30B-4FF4-4109-8A39-DEFCB61ED4E6}.Release|Any CPU.ActiveCfg = Release|Any CPU
		{BCC1E30B-4FF4-4109-8A39-DEFCB61ED4E6}.Release|Any CPU.Build.0 = Release|Any CPU
	EndGlobalSection
	GlobalSection(SolutionProperties) = preSolution
		HideSolutionNode = FALSE
	EndGlobalSection
	GlobalSection(ExtensibilityGlobals) = postSolution
		SolutionGuid = {B273E7C7-88F6-427D-B3FB-FE8B7F13FAC0}
	EndGlobalSection
EndGlobal
