
Microsoft Visual Studio Solution File, Format Version 12.00
# Visual Studio Version 17
VisualStudioVersion = 17.5.002.0
MinimumVisualStudioVersion = 10.0.40219.1
Project("{9A19103F-16F7-4668-BE54-9A1E7A4F7556}") = "3-magnitude", "3-magnitude.csproj", "{DF503A66-CD54-4055-847B-A5BEF1520A1F}"
EndProject
Global
	GlobalSection(SolutionConfigurationPlatforms) = preSolution
		Debug|Any CPU = Debug|Any CPU
		Release|Any CPU = Release|Any CPU
	EndGlobalSection
	GlobalSection(ProjectConfigurationPlatforms) = postSolution
		{DF503A66-CD54-4055-847B-A5BEF1520A1F}.Debug|Any CPU.ActiveCfg = Debug|Any CPU
		{DF503A66-CD54-4055-847B-A5BEF1520A1F}.Debug|Any CPU.Build.0 = Debug|Any CPU
		{DF503A66-CD54-4055-847B-A5BEF1520A1F}.Release|Any CPU.ActiveCfg = Release|Any CPU
		{DF503A66-CD54-4055-847B-A5BEF1520A1F}.Release|Any CPU.Build.0 = Release|Any CPU
	EndGlobalSection
	GlobalSection(SolutionProperties) = preSolution
		HideSolutionNode = FALSE
	EndGlobalSection
	GlobalSection(ExtensibilityGlobals) = postSolution
		SolutionGuid = {74035216-F0E1-4F70-BDBA-A72DDC12EE2D}
	EndGlobalSection
EndGlobal
