
Microsoft Visual Studio Solution File, Format Version 12.00
# Visual Studio Version 17
VisualStudioVersion = 17.5.002.0
MinimumVisualStudioVersion = 10.0.40219.1
Project("{9A19103F-16F7-4668-BE54-9A1E7A4F7556}") = "4-enemy", "4-enemy.csproj", "{D085B277-2529-4B34-BA46-7A09F8B3E505}"
EndProject
Global
	GlobalSection(SolutionConfigurationPlatforms) = preSolution
		Debug|Any CPU = Debug|Any CPU
		Release|Any CPU = Release|Any CPU
	EndGlobalSection
	GlobalSection(ProjectConfigurationPlatforms) = postSolution
		{D085B277-2529-4B34-BA46-7A09F8B3E505}.Debug|Any CPU.ActiveCfg = Debug|Any CPU
		{D085B277-2529-4B34-BA46-7A09F8B3E505}.Debug|Any CPU.Build.0 = Debug|Any CPU
		{D085B277-2529-4B34-BA46-7A09F8B3E505}.Release|Any CPU.ActiveCfg = Release|Any CPU
		{D085B277-2529-4B34-BA46-7A09F8B3E505}.Release|Any CPU.Build.0 = Release|Any CPU
	EndGlobalSection
	GlobalSection(SolutionProperties) = preSolution
		HideSolutionNode = FALSE
	EndGlobalSection
	GlobalSection(ExtensibilityGlobals) = postSolution
		SolutionGuid = {68732531-F24A-4357-9662-7DEE01CF9998}
	EndGlobalSection
EndGlobal
