
Microsoft Visual Studio Solution File, Format Version 12.00
# Visual Studio Version 17
VisualStudioVersion = 17.5.002.0
MinimumVisualStudioVersion = 10.0.40219.1
Project("{9A19103F-16F7-4668-BE54-9A1E7A4F7556}") = "2-divide_lists", "2-divide_lists.csproj", "{3E520F3C-8D26-4BB0-85EA-8AF0C5462519}"
EndProject
Global
	GlobalSection(SolutionConfigurationPlatforms) = preSolution
		Debug|Any CPU = Debug|Any CPU
		Release|Any CPU = Release|Any CPU
	EndGlobalSection
	GlobalSection(ProjectConfigurationPlatforms) = postSolution
		{3E520F3C-8D26-4BB0-85EA-8AF0C5462519}.Debug|Any CPU.ActiveCfg = Debug|Any CPU
		{3E520F3C-8D26-4BB0-85EA-8AF0C5462519}.Debug|Any CPU.Build.0 = Debug|Any CPU
		{3E520F3C-8D26-4BB0-85EA-8AF0C5462519}.Release|Any CPU.ActiveCfg = Release|Any CPU
		{3E520F3C-8D26-4BB0-85EA-8AF0C5462519}.Release|Any CPU.Build.0 = Release|Any CPU
	EndGlobalSection
	GlobalSection(SolutionProperties) = preSolution
		HideSolutionNode = FALSE
	EndGlobalSection
	GlobalSection(ExtensibilityGlobals) = postSolution
		SolutionGuid = {9B82DC34-4D5B-46FF-B0AF-1287026841C7}
	EndGlobalSection
EndGlobal
