
Microsoft Visual Studio Solution File, Format Version 12.00
# Visual Studio Version 17
VisualStudioVersion = 17.5.002.0
MinimumVisualStudioVersion = 10.0.40219.1
Project("{9A19103F-16F7-4668-BE54-9A1E7A4F7556}") = "0-is", "0-is.csproj", "{3DD44993-3865-4C27-90FC-7B4BD12E6662}"
EndProject
Global
	GlobalSection(SolutionConfigurationPlatforms) = preSolution
		Debug|Any CPU = Debug|Any CPU
		Release|Any CPU = Release|Any CPU
	EndGlobalSection
	GlobalSection(ProjectConfigurationPlatforms) = postSolution
		{3DD44993-3865-4C27-90FC-7B4BD12E6662}.Debug|Any CPU.ActiveCfg = Debug|Any CPU
		{3DD44993-3865-4C27-90FC-7B4BD12E6662}.Debug|Any CPU.Build.0 = Debug|Any CPU
		{3DD44993-3865-4C27-90FC-7B4BD12E6662}.Release|Any CPU.ActiveCfg = Release|Any CPU
		{3DD44993-3865-4C27-90FC-7B4BD12E6662}.Release|Any CPU.Build.0 = Release|Any CPU
	EndGlobalSection
	GlobalSection(SolutionProperties) = preSolution
		HideSolutionNode = FALSE
	EndGlobalSection
	GlobalSection(ExtensibilityGlobals) = postSolution
		SolutionGuid = {A6A0913D-5DEF-43AB-B190-E078CAA4CFA2}
	EndGlobalSection
EndGlobal
