
Microsoft Visual Studio Solution File, Format Version 12.00
# Visual Studio Version 17
VisualStudioVersion = 17.5.002.0
MinimumVisualStudioVersion = 10.0.40219.1
Project("{9A19103F-16F7-4668-BE54-9A1E7A4F7556}") = "0-universal_health", "0-universal_health.csproj", "{A5690E15-6FD7-4ED5-BE84-152885650975}"
EndProject
Global
	GlobalSection(SolutionConfigurationPlatforms) = preSolution
		Debug|Any CPU = Debug|Any CPU
		Release|Any CPU = Release|Any CPU
	EndGlobalSection
	GlobalSection(ProjectConfigurationPlatforms) = postSolution
		{A5690E15-6FD7-4ED5-BE84-152885650975}.Debug|Any CPU.ActiveCfg = Debug|Any CPU
		{A5690E15-6FD7-4ED5-BE84-152885650975}.Debug|Any CPU.Build.0 = Debug|Any CPU
		{A5690E15-6FD7-4ED5-BE84-152885650975}.Release|Any CPU.ActiveCfg = Release|Any CPU
		{A5690E15-6FD7-4ED5-BE84-152885650975}.Release|Any CPU.Build.0 = Release|Any CPU
	EndGlobalSection
	GlobalSection(SolutionProperties) = preSolution
		HideSolutionNode = FALSE
	EndGlobalSection
	GlobalSection(ExtensibilityGlobals) = postSolution
		SolutionGuid = {5D979D4D-994D-42F3-BE6B-116A81DE1E4B}
	EndGlobalSection
EndGlobal
