
Microsoft Visual Studio Solution File, Format Version 12.00
# Visual Studio Version 17
VisualStudioVersion = 17.5.002.0
MinimumVisualStudioVersion = 10.0.40219.1
Project("{9A19103F-16F7-4668-BE54-9A1E7A4F7556}") = "2-validation", "2-validation.csproj", "{97866295-906B-41E2-9628-39519DEF894C}"
EndProject
Global
	GlobalSection(SolutionConfigurationPlatforms) = preSolution
		Debug|Any CPU = Debug|Any CPU
		Release|Any CPU = Release|Any CPU
	EndGlobalSection
	GlobalSection(ProjectConfigurationPlatforms) = postSolution
		{97866295-906B-41E2-9628-39519DEF894C}.Debug|Any CPU.ActiveCfg = Debug|Any CPU
		{97866295-906B-41E2-9628-39519DEF894C}.Debug|Any CPU.Build.0 = Debug|Any CPU
		{97866295-906B-41E2-9628-39519DEF894C}.Release|Any CPU.ActiveCfg = Release|Any CPU
		{97866295-906B-41E2-9628-39519DEF894C}.Release|Any CPU.Build.0 = Release|Any CPU
	EndGlobalSection
	GlobalSection(SolutionProperties) = preSolution
		HideSolutionNode = FALSE
	EndGlobalSection
	GlobalSection(ExtensibilityGlobals) = postSolution
		SolutionGuid = {7D7F89BB-AE33-49F6-939E-A96EADCF7C37}
	EndGlobalSection
EndGlobal
